
Microsoft Visual Studio Solution File, Format Version 12.00
# Visual Studio Version 17
Project("{2150E333-8FDC-42A3-9474-1A3956D46DE8}") = "CMakePredefinedTargets", "CMakePredefinedTargets", "{F2AB6F4D-A302-3184-8FD9-3287411BF537}"
EndProject
Project("{8BC9CEB8-8B4A-11D0-8D11-00A0C91BC942}") = "engine", "engine.vcxproj", "{C0C507C8-5671-3BF3-B14F-A057294CBC51}"
	ProjectSection(ProjectDependencies) = postProject
		{61070935-5BFB-3473-B612-9C40A6003145} = {61070935-5BFB-3473-B612-9C40A6003145}
	EndProjectSection
EndProject
Project("{8BC9CEB8-8B4A-11D0-8D11-00A0C91BC942}") = "ALL_BUILD", "ALL_BUILD.vcxproj", "{5EB76187-FBDD-3DC0-A642-987C29CB87B0}"
	ProjectSection(ProjectDependencies) = postProject
		{61070935-5BFB-3473-B612-9C40A6003145} = {61070935-5BFB-3473-B612-9C40A6003145}
		{C0C507C8-5671-3BF3-B14F-A057294CBC51} = {C0C507C8-5671-3BF3-B14F-A057294CBC51}
	EndProjectSection
EndProject
Project("{8BC9CEB8-8B4A-11D0-8D11-00A0C91BC942}") = "ZERO_CHECK", "ZERO_CHECK.vcxproj", "{61070935-5BFB-3473-B612-9C40A6003145}"
	ProjectSection(ProjectDependencies) = postProject
	EndProjectSection
EndProject
Global
	GlobalSection(SolutionConfigurationPlatforms) = preSolution
		Debug|Win32 = Debug|Win32
		Release|Win32 = Release|Win32
		MinSizeRel|Win32 = MinSizeRel|Win32
		RelWithDebInfo|Win32 = RelWithDebInfo|Win32
	EndGlobalSection
	GlobalSection(ProjectConfigurationPlatforms) = postSolution
		{C0C507C8-5671-3BF3-B14F-A057294CBC51}.Debug|Win32.ActiveCfg = Debug|Win32
		{C0C507C8-5671-3BF3-B14F-A057294CBC51}.Debug|Win32.Build.0 = Debug|Win32
		{C0C507C8-5671-3BF3-B14F-A057294CBC51}.Release|Win32.ActiveCfg = Release|Win32
		{C0C507C8-5671-3BF3-B14F-A057294CBC51}.Release|Win32.Build.0 = Release|Win32
		{C0C507C8-5671-3BF3-B14F-A057294CBC51}.MinSizeRel|Win32.ActiveCfg = MinSizeRel|Win32
		{C0C507C8-5671-3BF3-B14F-A057294CBC51}.MinSizeRel|Win32.Build.0 = MinSizeRel|Win32
		{C0C507C8-5671-3BF3-B14F-A057294CBC51}.RelWithDebInfo|Win32.ActiveCfg = RelWithDebInfo|Win32
		{C0C507C8-5671-3BF3-B14F-A057294CBC51}.RelWithDebInfo|Win32.Build.0 = RelWithDebInfo|Win32
		{5EB76187-FBDD-3DC0-A642-987C29CB87B0}.Debug|Win32.ActiveCfg = Debug|Win32
		{5EB76187-FBDD-3DC0-A642-987C29CB87B0}.Release|Win32.ActiveCfg = Release|Win32
		{5EB76187-FBDD-3DC0-A642-987C29CB87B0}.MinSizeRel|Win32.ActiveCfg = MinSizeRel|Win32
		{5EB76187-FBDD-3DC0-A642-987C29CB87B0}.RelWithDebInfo|Win32.ActiveCfg = RelWithDebInfo|Win32
		{61070935-5BFB-3473-B612-9C40A6003145}.Debug|Win32.ActiveCfg = Debug|Win32
		{61070935-5BFB-3473-B612-9C40A6003145}.Debug|Win32.Build.0 = Debug|Win32
		{61070935-5BFB-3473-B612-9C40A6003145}.Release|Win32.ActiveCfg = Release|Win32
		{61070935-5BFB-3473-B612-9C40A6003145}.Release|Win32.Build.0 = Release|Win32
		{61070935-5BFB-3473-B612-9C40A6003145}.MinSizeRel|Win32.ActiveCfg = MinSizeRel|Win32
		{61070935-5BFB-3473-B612-9C40A6003145}.MinSizeRel|Win32.Build.0 = MinSizeRel|Win32
		{61070935-5BFB-3473-B612-9C40A6003145}.RelWithDebInfo|Win32.ActiveCfg = RelWithDebInfo|Win32
		{61070935-5BFB-3473-B612-9C40A6003145}.RelWithDebInfo|Win32.Build.0 = RelWithDebInfo|Win32
	EndGlobalSection
	GlobalSection(NestedProjects) = preSolution
		{5EB76187-FBDD-3DC0-A642-987C29CB87B0} = {F2AB6F4D-A302-3184-8FD9-3287411BF537}
		{61070935-5BFB-3473-B612-9C40A6003145} = {F2AB6F4D-A302-3184-8FD9-3287411BF537}
	EndGlobalSection
	GlobalSection(ExtensibilityGlobals) = postSolution
		SolutionGuid = {F34BBBD8-F631-32AF-861B-33AA8EDBBE9A}
	EndGlobalSection
	GlobalSection(ExtensibilityAddIns) = postSolution
	EndGlobalSection
EndGlobal
