<?xml version="1.0" encoding="utf-8"?>
<Project ToolsVersion="17.0" xmlns="http://schemas.microsoft.com/developer/msbuild/2003">
  <ItemGroup>
    <CustomBuild Include="C:\Users\Joao Novais\OneDrive - Universidade do Minho\Ambiente de Trabalho\Universidade\Trabalho-CG\CMakeFiles\989d392509d3d602ba0b91e48fd7b8a6\generate.stamp.rule">
      <Filter>CMake Rules</Filter>
    </CustomBuild>
  </ItemGroup>
  <ItemGroup>
    <Filter Include="CMake Rules">
      <UniqueIdentifier>{FB117DF6-D88B-355C-BAB6-DECBB3D5C202}</UniqueIdentifier>
    </Filter>
  </ItemGroup>
</Project>
